
Microsoft Visual Studio Solution File, Format Version 12.00
# Visual Studio Version 17
VisualStudioVersion = 17.13.35931.197 d17.13
MinimumVisualStudioVersion = 10.0.40219.1
Project("{FAE04EC0-301F-11D3-BF4B-00C04F79EFBC}") = "ShoppingListAPI", "ShoppingListAPI\ShoppingListAPI.csproj", "{2FA35A1D-E9B2-4A76-B586-9B13EF979049}"
EndProject
Global
	GlobalSection(SolutionConfigurationPlatforms) = preSolution
		Debug|Any CPU = Debug|Any CPU
		Release|Any CPU = Release|Any CPU
	EndGlobalSection
	GlobalSection(ProjectConfigurationPlatforms) = postSolution
		{2FA35A1D-E9B2-4A76-B586-9B13EF979049}.Debug|Any CPU.ActiveCfg = Debug|Any CPU
		{2FA35A1D-E9B2-4A76-B586-9B13EF979049}.Debug|Any CPU.Build.0 = Debug|Any CPU
		{2FA35A1D-E9B2-4A76-B586-9B13EF979049}.Release|Any CPU.ActiveCfg = Release|Any CPU
		{2FA35A1D-E9B2-4A76-B586-9B13EF979049}.Release|Any CPU.Build.0 = Release|Any CPU
	EndGlobalSection
	GlobalSection(SolutionProperties) = preSolution
		HideSolutionNode = FALSE
	EndGlobalSection
	GlobalSection(ExtensibilityGlobals) = postSolution
		SolutionGuid = {E798F913-26F8-4E26-B45E-AFBF04A4E27E}
	EndGlobalSection
EndGlobal
